{
  "version": "3",
  "packages": {
    "specifiers": {
      "jsr:@astral/astral@^0.4.5": "jsr:@astral/astral@0.4.5",
      "jsr:@core/asyncutil@^1.0.0": "jsr:@core/asyncutil@1.0.0",
      "jsr:@cross/deepmerge@^1.0.0": "jsr:@cross/deepmerge@1.0.0",
      "jsr:@cross/dir@^1.1.0": "jsr:@cross/dir@1.1.0",
      "jsr:@cross/env@^1.0.0": "jsr:@cross/env@1.0.2",
      "jsr:@cross/env@^1.0.2": "jsr:@cross/env@1.0.2",
      "jsr:@cross/fs": "jsr:@cross/fs@0.1.11",
      "jsr:@cross/fs@^0.1.11": "jsr:@cross/fs@0.1.11",
      "jsr:@cross/runtime@^1.0.0": "jsr:@cross/runtime@1.0.0",
      "jsr:@cross/utils@^0.14.0": "jsr:@cross/utils@0.14.0",
      "jsr:@cross/utils@^0.7.0": "jsr:@cross/utils@0.7.1",
      "jsr:@deno-library/progress@1.4.9": "jsr:@deno-library/progress@1.4.9",
      "jsr:@luca/esbuild-deno-loader@^0.10.3": "jsr:@luca/esbuild-deno-loader@0.10.3",
      "jsr:@std/assert": "jsr:@std/assert@1.0.2",
      "jsr:@std/assert@1": "jsr:@std/assert@1.0.2",
      "jsr:@std/assert@^0.213.1": "jsr:@std/assert@0.213.1",
      "jsr:@std/assert@^0.223.0": "jsr:@std/assert@0.223.0",
      "jsr:@std/assert@^0.224.0": "jsr:@std/assert@0.224.0",
      "jsr:@std/async@0.223.0": "jsr:@std/async@0.223.0",
      "jsr:@std/bytes@^1.0.2-rc.3": "jsr:@std/bytes@1.0.2",
      "jsr:@std/encoding@0.213": "jsr:@std/encoding@0.213.1",
      "jsr:@std/fmt@0.221.0": "jsr:@std/fmt@0.221.0",
      "jsr:@std/fmt@^0.224.0": "jsr:@std/fmt@0.224.0",
      "jsr:@std/fs@0.223.0": "jsr:@std/fs@0.223.0",
      "jsr:@std/fs@^1.0.1": "jsr:@std/fs@1.0.1",
      "jsr:@std/internal@^0.224.0": "jsr:@std/internal@0.224.0",
      "jsr:@std/internal@^1.0.1": "jsr:@std/internal@1.0.1",
      "jsr:@std/io@^0.224.4": "jsr:@std/io@0.224.4",
      "jsr:@std/json@^0.213.1": "jsr:@std/json@0.213.1",
      "jsr:@std/json@^1.0.0": "jsr:@std/json@1.0.0",
      "jsr:@std/jsonc@0.213": "jsr:@std/jsonc@0.213.1",
      "jsr:@std/jsonc@^1.0.0": "jsr:@std/jsonc@1.0.0",
      "jsr:@std/path@0.213": "jsr:@std/path@0.213.1",
      "jsr:@std/path@0.223.0": "jsr:@std/path@0.223.0",
      "jsr:@std/path@^0.224.0": "jsr:@std/path@0.224.0",
      "jsr:@std/path@^1.0.2": "jsr:@std/path@1.0.2",
      "jsr:@std/streams@^1.0.1": "jsr:@std/streams@1.0.1",
      "jsr:@std/testing": "jsr:@std/testing@1.0.0",
      "jsr:@std/testing@^1.0.0": "jsr:@std/testing@1.0.0",
      "jsr:@zip-js/zip-js@2.7.41": "jsr:@zip-js/zip-js@2.7.41",
      "npm:@types/node": "npm:@types/node@18.16.19",
      "npm:defu@^6.1.4": "npm:defu@6.1.4",
      "npm:dequal@^2.0.3": "npm:dequal@2.0.3",
      "npm:esbuild": "npm:esbuild@0.23.0",
      "npm:esbuild@^0.23.0": "npm:esbuild@0.23.0",
      "npm:fast-base64": "npm:fast-base64@0.1.8",
      "npm:fast-base64@^0.1.8": "npm:fast-base64@0.1.8",
      "npm:find-cache-dir@^5.0.0": "npm:find-cache-dir@5.0.0",
      "npm:get-port-please": "npm:get-port-please@3.1.2",
      "npm:get-port-please@^3.1.2": "npm:get-port-please@3.1.2",
      "npm:global-cache-dir@^6.0.0": "npm:global-cache-dir@6.0.0",
      "npm:miniflare@3": "npm:miniflare@3.20240806.0",
      "npm:miniflare@^3.20240806.0": "npm:miniflare@3.20240806.0",
      "npm:source-map@^0.7.4": "npm:source-map@0.7.4"
    },
    "jsr": {
      "@astral/astral@0.4.5": {
        "integrity": "5862324d677b3e31839516c9b7cf3b1c852d0d5f44158ba5422ee693794f5e04",
        "dependencies": [
          "jsr:@deno-library/progress@1.4.9",
          "jsr:@std/async@0.223.0",
          "jsr:@std/fs@0.223.0",
          "jsr:@std/path@0.223.0",
          "jsr:@zip-js/zip-js@2.7.41"
        ]
      },
      "@core/asyncutil@1.0.0": {
        "integrity": "de87d62a7a45a3493b750c2707ded1f2ab1f6450c49b28647c3983ea620ae22e"
      },
      "@cross/deepmerge@1.0.0": {
        "integrity": "1e1318a74e31ba1959b9aa0acae8bd417b806f74ffd25ac07c90e12f83ad6b1d"
      },
      "@cross/dir@1.1.0": {
        "integrity": "41eb779daf160f53bc33ef91f593f332fffc52ec9b81f87178db564718534e59",
        "dependencies": [
          "jsr:@cross/env@^1.0.0",
          "jsr:@cross/runtime@^1.0.0",
          "jsr:@cross/utils@^0.7.0"
        ]
      },
      "@cross/env@1.0.2": {
        "integrity": "28501ad1043c218a5b00fe5db27ec62c01ab16371bbe1b9d738496f0a7c5eeb8",
        "dependencies": [
          "jsr:@cross/deepmerge@^1.0.0",
          "jsr:@cross/runtime@^1.0.0"
        ]
      },
      "@cross/fs@0.1.11": {
        "integrity": "88fdde19a5c0b5517ccd1bf087a2cdae8f4e9acbd54b9688f5332af574b49f7d",
        "dependencies": [
          "jsr:@cross/dir@^1.1.0",
          "jsr:@cross/env@^1.0.0",
          "jsr:@cross/runtime@^1.0.0",
          "jsr:@std/path@^0.224.0"
        ]
      },
      "@cross/runtime@1.0.0": {
        "integrity": "dddecdf99182df13d50279d1e473f715e83d41961c5c22edd7bb0c4c3cf8a76a"
      },
      "@cross/utils@0.14.0": {
        "integrity": "b13ba844c0739682a9207c9a9acf130b8c0ac1d46e96be490a5bae349e8437d7",
        "dependencies": [
          "jsr:@cross/fs@^0.1.11",
          "jsr:@cross/runtime@^1.0.0"
        ]
      },
      "@cross/utils@0.7.1": {
        "integrity": "6cc50ad31b0904364188c43d10e3d4888d817a3d415528b014c27deb8a35564e",
        "dependencies": [
          "jsr:@cross/runtime@^1.0.0"
        ]
      },
      "@deno-library/progress@1.4.9": {
        "integrity": "86db695ae338cb1ae3ffa46d6f2e6a9cdef33a15c2ace6fa25354a91a9dd3909",
        "dependencies": [
          "jsr:@std/fmt@0.221.0"
        ]
      },
      "@luca/esbuild-deno-loader@0.10.3": {
        "integrity": "32fc93f7e7f78060234fd5929a740668aab1c742b808c6048b57f9aaea514921",
        "dependencies": [
          "jsr:@std/encoding@0.213",
          "jsr:@std/jsonc@0.213",
          "jsr:@std/path@0.213"
        ]
      },
      "@std/assert@0.213.1": {
        "integrity": "24c28178b30c8e0782c18e8e94ea72b16282207569cdd10ffb9d1d26f2edebfe"
      },
      "@std/assert@0.223.0": {
        "integrity": "eb8d6d879d76e1cc431205bd346ed4d88dc051c6366365b1af47034b0670be24"
      },
      "@std/assert@0.224.0": {
        "integrity": "8643233ec7aec38a940a8264a6e3eed9bfa44e7a71cc6b3c8874213ff401967f",
        "dependencies": [
          "jsr:@std/fmt@^0.224.0",
          "jsr:@std/internal@^0.224.0"
        ]
      },
      "@std/assert@1.0.2": {
        "integrity": "ccacec332958126deaceb5c63ff8b4eaf9f5ed0eac9feccf124110435e59e49c",
        "dependencies": [
          "jsr:@std/internal@^1.0.1"
        ]
      },
      "@std/async@0.223.0": {
        "integrity": "b42f635d89fb8f9e0e7dc258fbc8f33233e4977f61e0b20da08a8b51fd7b2c5d",
        "dependencies": [
          "jsr:@std/assert@^0.223.0"
        ]
      },
      "@std/bytes@1.0.2": {
        "integrity": "fbdee322bbd8c599a6af186a1603b3355e59a5fb1baa139f8f4c3c9a1b3e3d57"
      },
      "@std/encoding@0.213.1": {
        "integrity": "fcbb6928713dde941a18ca5db88ca1544d0755ec8fb20fe61e2dc8144b390c62"
      },
      "@std/fmt@0.221.0": {
        "integrity": "379fed69bdd9731110f26b9085aeb740606b20428ce6af31ef6bd45ef8efa62a"
      },
      "@std/fmt@0.224.0": {
        "integrity": "e20e9a2312a8b5393272c26191c0a68eda8d2c4b08b046bad1673148f1d69851"
      },
      "@std/fs@0.223.0": {
        "integrity": "3b4b0550b2c524cbaaa5a9170c90e96cbb7354e837ad1bdaf15fc9df1ae9c31c"
      },
      "@std/fs@1.0.1": {
        "integrity": "d6914ca2c21abe591f733b31dbe6331e446815e513e2451b3b9e472daddfefcb"
      },
      "@std/internal@0.224.0": {
        "integrity": "afc50644f9cdf4495eeb80523a8f6d27226b4b36c45c7c195dfccad4b8509291",
        "dependencies": [
          "jsr:@std/fmt@^0.224.0"
        ]
      },
      "@std/internal@1.0.1": {
        "integrity": "6f8c7544d06a11dd256c8d6ba54b11ed870aac6c5aeafff499892662c57673e6"
      },
      "@std/io@0.224.4": {
        "integrity": "bce1151765e4e70e376039fd72c71672b4d4aae363878a5ee3e58361b81197ec",
        "dependencies": [
          "jsr:@std/bytes@^1.0.2-rc.3"
        ]
      },
      "@std/json@0.213.1": {
        "integrity": "f572b1de605d07c4a5602445dac54bfc51b1fb87a3710a17aed2608bfca54e68"
      },
      "@std/json@1.0.0": {
        "integrity": "985c1e544918d42e4e84072fc739ac4a19c3a5093292c99742ffcdd03fb6a268"
      },
      "@std/jsonc@0.213.1": {
        "integrity": "5578f21aa583b7eb7317eed077ffcde47b294f1056bdbb9aacec407758637bfe",
        "dependencies": [
          "jsr:@std/assert@^0.213.1",
          "jsr:@std/json@^0.213.1"
        ]
      },
      "@std/jsonc@1.0.0": {
        "integrity": "835da212e586f3ef94ab25e8f0e8a7711a86fddbee95ad40c34d6b3d74da1a1b",
        "dependencies": [
          "jsr:@std/json@^1.0.0"
        ]
      },
      "@std/path@0.213.1": {
        "integrity": "f187bf278a172752e02fcbacf6bd78a335ed320d080a7ed3a5a59c3e88abc673",
        "dependencies": [
          "jsr:@std/assert@^0.213.1"
        ]
      },
      "@std/path@0.223.0": {
        "integrity": "593963402d7e6597f5a6e620931661053572c982fc014000459edc1f93cc3989",
        "dependencies": [
          "jsr:@std/assert@^0.223.0"
        ]
      },
      "@std/path@0.224.0": {
        "integrity": "55bca6361e5a6d158b9380e82d4981d82d338ec587de02951e2b7c3a24910ee6",
        "dependencies": [
          "jsr:@std/assert@^0.224.0"
        ]
      },
      "@std/path@1.0.2": {
        "integrity": "a452174603f8c620bd278a380c596437a9eef50c891c64b85812f735245d9ec7"
      },
      "@std/streams@1.0.1": {
        "integrity": "b07008b83fd7ae08965920d0fd700e07caf233bdd81e0ef1c8cca6c4140da364",
        "dependencies": [
          "jsr:@std/bytes@^1.0.2-rc.3"
        ]
      },
      "@std/testing@1.0.0": {
        "integrity": "27cfc06392c69c2acffe54e6d0bcb5f961cf193f519255372bd4fff1481bfef8"
      },
      "@zip-js/zip-js@2.7.41": {
        "integrity": "a883116c1b46673de643f9cd3b6619d746271b96cd9a8e2b9d0bb8353d764d3d"
      }
    },
    "npm": {
      "@cloudflare/workerd-darwin-64@1.20240806.0": {
        "integrity": "sha512-FqcVBBCO//I39K5F+HqE/v+UkqY1UrRnS653Jv+XsNNH9TpX5fTs7VCKG4kDSnmxlAaKttyIN5sMEt7lpuNExQ==",
        "dependencies": {}
      },
      "@cloudflare/workerd-darwin-arm64@1.20240806.0": {
        "integrity": "sha512-8c3KvmzYp/wg+82KHSOzDetJK+pThH4MTrU1OsjmsR2cUfedm5dk5Lah9/0Ld68+6A0umFACi4W2xJHs/RoBpA==",
        "dependencies": {}
      },
      "@cloudflare/workerd-linux-64@1.20240806.0": {
        "integrity": "sha512-/149Bpxw4e2p5QqnBc06g0mx+4sZYh9j0doilnt0wk/uqYkLp0DdXGMQVRB74sBLg2UD3wW8amn1w3KyFhK2tQ==",
        "dependencies": {}
      },
      "@cloudflare/workerd-linux-arm64@1.20240806.0": {
        "integrity": "sha512-lacDWY3S1rKL/xT6iMtTQJEKmTTKrBavPczInEuBFXElmrS6IwVjZwv8hhVm32piyNt/AuFu9BYoJALi9D85/g==",
        "dependencies": {}
      },
      "@cloudflare/workerd-windows-64@1.20240806.0": {
        "integrity": "sha512-hC6JEfTSQK6//Lg+D54TLVn1ceTPY+fv4MXqDZIYlPP53iN+dL8Xd0utn2SG57UYdlL5FRAhm/EWHcATZg1RgA==",
        "dependencies": {}
      },
      "@cspotcode/source-map-support@0.8.1": {
        "integrity": "sha512-IchNf6dN4tHoMFIn/7OE8LWZ19Y6q/67Bmf6vnGREv8RSbBVb9LPJxEcnwrcwX6ixSvaiGoomAUvu4YSxXrVgw==",
        "dependencies": {
          "@jridgewell/trace-mapping": "@jridgewell/trace-mapping@0.3.9"
        }
      },
      "@esbuild/aix-ppc64@0.23.0": {
        "integrity": "sha512-3sG8Zwa5fMcA9bgqB8AfWPQ+HFke6uD3h1s3RIwUNK8EG7a4buxvuFTs3j1IMs2NXAk9F30C/FF4vxRgQCcmoQ==",
        "dependencies": {}
      },
      "@esbuild/android-arm64@0.23.0": {
        "integrity": "sha512-EuHFUYkAVfU4qBdyivULuu03FhJO4IJN9PGuABGrFy4vUuzk91P2d+npxHcFdpUnfYKy0PuV+n6bKIpHOB3prQ==",
        "dependencies": {}
      },
      "@esbuild/android-arm@0.23.0": {
        "integrity": "sha512-+KuOHTKKyIKgEEqKbGTK8W7mPp+hKinbMBeEnNzjJGyFcWsfrXjSTNluJHCY1RqhxFurdD8uNXQDei7qDlR6+g==",
        "dependencies": {}
      },
      "@esbuild/android-x64@0.23.0": {
        "integrity": "sha512-WRrmKidLoKDl56LsbBMhzTTBxrsVwTKdNbKDalbEZr0tcsBgCLbEtoNthOW6PX942YiYq8HzEnb4yWQMLQuipQ==",
        "dependencies": {}
      },
      "@esbuild/darwin-arm64@0.23.0": {
        "integrity": "sha512-YLntie/IdS31H54Ogdn+v50NuoWF5BDkEUFpiOChVa9UnKpftgwzZRrI4J132ETIi+D8n6xh9IviFV3eXdxfow==",
        "dependencies": {}
      },
      "@esbuild/darwin-x64@0.23.0": {
        "integrity": "sha512-IMQ6eme4AfznElesHUPDZ+teuGwoRmVuuixu7sv92ZkdQcPbsNHzutd+rAfaBKo8YK3IrBEi9SLLKWJdEvJniQ==",
        "dependencies": {}
      },
      "@esbuild/freebsd-arm64@0.23.0": {
        "integrity": "sha512-0muYWCng5vqaxobq6LB3YNtevDFSAZGlgtLoAc81PjUfiFz36n4KMpwhtAd4he8ToSI3TGyuhyx5xmiWNYZFyw==",
        "dependencies": {}
      },
      "@esbuild/freebsd-x64@0.23.0": {
        "integrity": "sha512-XKDVu8IsD0/q3foBzsXGt/KjD/yTKBCIwOHE1XwiXmrRwrX6Hbnd5Eqn/WvDekddK21tfszBSrE/WMaZh+1buQ==",
        "dependencies": {}
      },
      "@esbuild/linux-arm64@0.23.0": {
        "integrity": "sha512-j1t5iG8jE7BhonbsEg5d9qOYcVZv/Rv6tghaXM/Ug9xahM0nX/H2gfu6X6z11QRTMT6+aywOMA8TDkhPo8aCGw==",
        "dependencies": {}
      },
      "@esbuild/linux-arm@0.23.0": {
        "integrity": "sha512-SEELSTEtOFu5LPykzA395Mc+54RMg1EUgXP+iw2SJ72+ooMwVsgfuwXo5Fn0wXNgWZsTVHwY2cg4Vi/bOD88qw==",
        "dependencies": {}
      },
      "@esbuild/linux-ia32@0.23.0": {
        "integrity": "sha512-P7O5Tkh2NbgIm2R6x1zGJJsnacDzTFcRWZyTTMgFdVit6E98LTxO+v8LCCLWRvPrjdzXHx9FEOA8oAZPyApWUA==",
        "dependencies": {}
      },
      "@esbuild/linux-loong64@0.23.0": {
        "integrity": "sha512-InQwepswq6urikQiIC/kkx412fqUZudBO4SYKu0N+tGhXRWUqAx+Q+341tFV6QdBifpjYgUndV1hhMq3WeJi7A==",
        "dependencies": {}
      },
      "@esbuild/linux-mips64el@0.23.0": {
        "integrity": "sha512-J9rflLtqdYrxHv2FqXE2i1ELgNjT+JFURt/uDMoPQLcjWQA5wDKgQA4t/dTqGa88ZVECKaD0TctwsUfHbVoi4w==",
        "dependencies": {}
      },
      "@esbuild/linux-ppc64@0.23.0": {
        "integrity": "sha512-cShCXtEOVc5GxU0fM+dsFD10qZ5UpcQ8AM22bYj0u/yaAykWnqXJDpd77ublcX6vdDsWLuweeuSNZk4yUxZwtw==",
        "dependencies": {}
      },
      "@esbuild/linux-riscv64@0.23.0": {
        "integrity": "sha512-HEtaN7Y5UB4tZPeQmgz/UhzoEyYftbMXrBCUjINGjh3uil+rB/QzzpMshz3cNUxqXN7Vr93zzVtpIDL99t9aRw==",
        "dependencies": {}
      },
      "@esbuild/linux-s390x@0.23.0": {
        "integrity": "sha512-WDi3+NVAuyjg/Wxi+o5KPqRbZY0QhI9TjrEEm+8dmpY9Xir8+HE/HNx2JoLckhKbFopW0RdO2D72w8trZOV+Wg==",
        "dependencies": {}
      },
      "@esbuild/linux-x64@0.23.0": {
        "integrity": "sha512-a3pMQhUEJkITgAw6e0bWA+F+vFtCciMjW/LPtoj99MhVt+Mfb6bbL9hu2wmTZgNd994qTAEw+U/r6k3qHWWaOQ==",
        "dependencies": {}
      },
      "@esbuild/netbsd-x64@0.23.0": {
        "integrity": "sha512-cRK+YDem7lFTs2Q5nEv/HHc4LnrfBCbH5+JHu6wm2eP+d8OZNoSMYgPZJq78vqQ9g+9+nMuIsAO7skzphRXHyw==",
        "dependencies": {}
      },
      "@esbuild/openbsd-arm64@0.23.0": {
        "integrity": "sha512-suXjq53gERueVWu0OKxzWqk7NxiUWSUlrxoZK7usiF50C6ipColGR5qie2496iKGYNLhDZkPxBI3erbnYkU0rQ==",
        "dependencies": {}
      },
      "@esbuild/openbsd-x64@0.23.0": {
        "integrity": "sha512-6p3nHpby0DM/v15IFKMjAaayFhqnXV52aEmv1whZHX56pdkK+MEaLoQWj+H42ssFarP1PcomVhbsR4pkz09qBg==",
        "dependencies": {}
      },
      "@esbuild/sunos-x64@0.23.0": {
        "integrity": "sha512-BFelBGfrBwk6LVrmFzCq1u1dZbG4zy/Kp93w2+y83Q5UGYF1d8sCzeLI9NXjKyujjBBniQa8R8PzLFAUrSM9OA==",
        "dependencies": {}
      },
      "@esbuild/win32-arm64@0.23.0": {
        "integrity": "sha512-lY6AC8p4Cnb7xYHuIxQ6iYPe6MfO2CC43XXKo9nBXDb35krYt7KGhQnOkRGar5psxYkircpCqfbNDB4uJbS2jQ==",
        "dependencies": {}
      },
      "@esbuild/win32-ia32@0.23.0": {
        "integrity": "sha512-7L1bHlOTcO4ByvI7OXVI5pNN6HSu6pUQq9yodga8izeuB1KcT2UkHaH6118QJwopExPn0rMHIseCTx1CRo/uNA==",
        "dependencies": {}
      },
      "@esbuild/win32-x64@0.23.0": {
        "integrity": "sha512-Arm+WgUFLUATuoxCJcahGuk6Yj9Pzxd6l11Zb/2aAuv5kWWvvfhLFo2fni4uSK5vzlUdCGZ/BdV5tH8klj8p8g==",
        "dependencies": {}
      },
      "@fastify/busboy@2.1.1": {
        "integrity": "sha512-vBZP4NlzfOlerQTnba4aqZoMhE/a9HY7HRqoOPaETQcSQuWEIyZMHGfVu6w9wGtGK5fED5qRs2DteVCjOH60sA==",
        "dependencies": {}
      },
      "@jridgewell/resolve-uri@3.1.2": {
        "integrity": "sha512-bRISgCIjP20/tbWSPWMEi54QVPRZExkuD9lJL+UIxUKtwVJA8wW1Trb1jMs1RFXo1CBTNZ/5hpC9QvmKWdopKw==",
        "dependencies": {}
      },
      "@jridgewell/sourcemap-codec@1.5.0": {
        "integrity": "sha512-gv3ZRaISU3fjPAgNsriBRqGWQL6quFx04YMPW/zD8XMLsU32mhCCbfbO6KZFLjvYpCZ8zyDEgqsgf+PwPaM7GQ==",
        "dependencies": {}
      },
      "@jridgewell/trace-mapping@0.3.9": {
        "integrity": "sha512-3Belt6tdc8bPgAtbcmdtNJlirVoTmEb5e2gC94PnkwEW9jI6CAHUeoG85tjWP5WquqfavoMtMwiG4P926ZKKuQ==",
        "dependencies": {
          "@jridgewell/resolve-uri": "@jridgewell/resolve-uri@3.1.2",
          "@jridgewell/sourcemap-codec": "@jridgewell/sourcemap-codec@1.5.0"
        }
      },
      "@types/node@18.16.19": {
        "integrity": "sha512-IXl7o+R9iti9eBW4Wg2hx1xQDig183jj7YLn8F7udNceyfkbn1ZxmzZXuak20gR40D7pIkIY1kYGx5VIGbaHKA==",
        "dependencies": {}
      },
      "acorn-walk@8.3.3": {
        "integrity": "sha512-MxXdReSRhGO7VlFe1bRG/oI7/mdLV9B9JJT0N8vZOhF7gFRR5l3M8W9G8JxmKV+JC5mGqJ0QvqfSOLsCPa4nUw==",
        "dependencies": {
          "acorn": "acorn@8.11.3"
        }
      },
      "acorn@8.11.3": {
        "integrity": "sha512-Y9rRfJG5jcKOE0CLisYbojUjIrIEE7AGMzA/Sm4BslANhbS+cDMpgBdcPT91oJ7OuJ9hYJBx59RjbhxVnrF8Xg==",
        "dependencies": {}
      },
      "as-table@1.0.55": {
        "integrity": "sha512-xvsWESUJn0JN421Xb9MQw6AsMHRCUknCe0Wjlxvjud80mU4E6hQf1A6NzQKcYNmYw62MfzEtXc+badstZP3JpQ==",
        "dependencies": {
          "printable-characters": "printable-characters@1.0.42"
        }
      },
      "cachedir@2.4.0": {
        "integrity": "sha512-9EtFOZR8g22CL7BWjJ9BUx1+A/djkofnyW3aOXZORNW2kxoUpx2h+uN2cOqwPmFhnpVmxg+KW2OjOSgChTEvsQ==",
        "dependencies": {}
      },
      "capnp-ts@0.7.0": {
        "integrity": "sha512-XKxXAC3HVPv7r674zP0VC3RTXz+/JKhfyw94ljvF80yynK6VkTnqE3jMuN8b3dUVmmc43TjyxjW4KTsmB3c86g==",
        "dependencies": {
          "debug": "debug@4.3.5",
          "tslib": "tslib@2.6.3"
        }
      },
      "common-path-prefix@3.0.0": {
        "integrity": "sha512-QE33hToZseCH3jS0qN96O/bSh3kaw/h+Tq7ngyY9eWDUnTlTNUyqfqvCXioLe5Na5jFsL78ra/wuBU4iuEgd4w==",
        "dependencies": {}
      },
      "cookie@0.5.0": {
        "integrity": "sha512-YZ3GUyn/o8gfKJlnlX7g7xq4gyO6OSuhGPKaaGssGB2qgDUS0gPgtTvoyZLTt9Ab6dC4hfc9dV5arkvc/OCmrw==",
        "dependencies": {}
      },
      "data-uri-to-buffer@2.0.2": {
        "integrity": "sha512-ND9qDTLc6diwj+Xe5cdAgVTbLVdXbtxTJRXRhli8Mowuaan+0EJOtdqJ0QCHNSSPyoXGx9HX2/VMnKeC34AChA==",
        "dependencies": {}
      },
      "debug@4.3.5": {
        "integrity": "sha512-pt0bNEmneDIvdL1Xsd9oDQ/wrQRkXDT4AUWlNZNPKvW5x/jyO9VFXkJUP07vQ2upmw5PlaITaPKc31jK13V+jg==",
        "dependencies": {
          "ms": "ms@2.1.2"
        }
      },
      "defu@6.1.4": {
        "integrity": "sha512-mEQCMmwJu317oSz8CwdIOdwf3xMif1ttiM8LTufzc3g6kR+9Pe236twL8j3IYT1F7GfRgGcW6MWxzZjLIkuHIg==",
        "dependencies": {}
      },
      "dequal@2.0.3": {
        "integrity": "sha512-0je+qPKHEMohvfRTCEo3CrPG6cAzAYgmzKyxRiYSSDkS6eGJdyVJm7WaYA5ECaAD9wLB2T4EEeymA5aFVcYXCA==",
        "dependencies": {}
      },
      "esbuild@0.23.0": {
        "integrity": "sha512-1lvV17H2bMYda/WaFb2jLPeHU3zml2k4/yagNMG8Q/YtfMjCwEUZa2eXXMgZTVSL5q1n4H7sQ0X6CdJDqqeCFA==",
        "dependencies": {
          "@esbuild/aix-ppc64": "@esbuild/aix-ppc64@0.23.0",
          "@esbuild/android-arm": "@esbuild/android-arm@0.23.0",
          "@esbuild/android-arm64": "@esbuild/android-arm64@0.23.0",
          "@esbuild/android-x64": "@esbuild/android-x64@0.23.0",
          "@esbuild/darwin-arm64": "@esbuild/darwin-arm64@0.23.0",
          "@esbuild/darwin-x64": "@esbuild/darwin-x64@0.23.0",
          "@esbuild/freebsd-arm64": "@esbuild/freebsd-arm64@0.23.0",
          "@esbuild/freebsd-x64": "@esbuild/freebsd-x64@0.23.0",
          "@esbuild/linux-arm": "@esbuild/linux-arm@0.23.0",
          "@esbuild/linux-arm64": "@esbuild/linux-arm64@0.23.0",
          "@esbuild/linux-ia32": "@esbuild/linux-ia32@0.23.0",
          "@esbuild/linux-loong64": "@esbuild/linux-loong64@0.23.0",
          "@esbuild/linux-mips64el": "@esbuild/linux-mips64el@0.23.0",
          "@esbuild/linux-ppc64": "@esbuild/linux-ppc64@0.23.0",
          "@esbuild/linux-riscv64": "@esbuild/linux-riscv64@0.23.0",
          "@esbuild/linux-s390x": "@esbuild/linux-s390x@0.23.0",
          "@esbuild/linux-x64": "@esbuild/linux-x64@0.23.0",
          "@esbuild/netbsd-x64": "@esbuild/netbsd-x64@0.23.0",
          "@esbuild/openbsd-arm64": "@esbuild/openbsd-arm64@0.23.0",
          "@esbuild/openbsd-x64": "@esbuild/openbsd-x64@0.23.0",
          "@esbuild/sunos-x64": "@esbuild/sunos-x64@0.23.0",
          "@esbuild/win32-arm64": "@esbuild/win32-arm64@0.23.0",
          "@esbuild/win32-ia32": "@esbuild/win32-ia32@0.23.0",
          "@esbuild/win32-x64": "@esbuild/win32-x64@0.23.0"
        }
      },
      "exit-hook@2.2.1": {
        "integrity": "sha512-eNTPlAD67BmP31LDINZ3U7HSF8l57TxOY2PmBJ1shpCvpnxBF93mWCE8YHBnXs8qiUZJc9WDcWIeC3a2HIAMfw==",
        "dependencies": {}
      },
      "fast-base64@0.1.8": {
        "integrity": "sha512-LICiPjlLyh7/P3gcJYDjKEIX41odzqny1VHSnPsAlBb/zcSJJPYrSNHs54e2TytDRTwHZl7KG5c33IMLdT+9Eg==",
        "dependencies": {}
      },
      "find-cache-dir@5.0.0": {
        "integrity": "sha512-OuWNfjfP05JcpAP3JPgAKUhWefjMRfI5iAoSsvE24ANYWJaepAtlSgWECSVEuRgSXpyNEc9DJwG/TZpgcOqyig==",
        "dependencies": {
          "common-path-prefix": "common-path-prefix@3.0.0",
          "pkg-dir": "pkg-dir@7.0.0"
        }
      },
      "find-up@6.3.0": {
        "integrity": "sha512-v2ZsoEuVHYy8ZIlYqwPe/39Cy+cFDzp4dXPaxNvkEuouymu+2Jbz0PxpKarJHYJTmv2HWT3O382qY8l4jMWthw==",
        "dependencies": {
          "locate-path": "locate-path@7.2.0",
          "path-exists": "path-exists@5.0.0"
        }
      },
      "get-port-please@3.1.2": {
        "integrity": "sha512-Gxc29eLs1fbn6LQ4jSU4vXjlwyZhF5HsGuMAa7gqBP4Rw4yxxltyDUuF5MBclFzDTXO+ACchGQoeela4DSfzdQ==",
        "dependencies": {}
      },
      "get-source@2.0.12": {
        "integrity": "sha512-X5+4+iD+HoSeEED+uwrQ07BOQr0kEDFMVqqpBuI+RaZBpBpHCuXxo70bjar6f0b0u/DQJsJ7ssurpP0V60Az+w==",
        "dependencies": {
          "data-uri-to-buffer": "data-uri-to-buffer@2.0.2",
          "source-map": "source-map@0.6.1"
        }
      },
      "glob-to-regexp@0.4.1": {
        "integrity": "sha512-lkX1HJXwyMcprw/5YUZc2s7DrpAiHB21/V+E1rHUrVNokkvB6bqMzT0VfV6/86ZNabt1k14YOIaT7nDvOX3Iiw==",
        "dependencies": {}
      },
      "global-cache-dir@6.0.0": {
        "integrity": "sha512-UOwXU6ulg3VQsSyKf0QAVcW4EFq3hFehFHV/ne76iQ9FAw4ZpXHXsmw8AwUueGI13y4apVML/Pb+njilLn/RCw==",
        "dependencies": {
          "cachedir": "cachedir@2.4.0",
          "path-exists": "path-exists@5.0.0"
        }
      },
      "locate-path@7.2.0": {
        "integrity": "sha512-gvVijfZvn7R+2qyPX8mAuKcFGDf6Nc61GdvGafQsHL0sBIxfKzA+usWn4GFC/bk+QdwPUD4kWFJLhElipq+0VA==",
        "dependencies": {
          "p-locate": "p-locate@6.0.0"
        }
      },
      "miniflare@3.20240806.0": {
        "integrity": "sha512-jDsXBJOLUVpIQXHsluX3xV0piDxXolTCsxdje2Ex2LTC9PsSoBIkMwvCmnCxe9wpJJCq8rb0UMyeEn3KOF3LOw==",
        "dependencies": {
          "@cspotcode/source-map-support": "@cspotcode/source-map-support@0.8.1",
          "acorn": "acorn@8.11.3",
          "acorn-walk": "acorn-walk@8.3.3",
          "capnp-ts": "capnp-ts@0.7.0",
          "exit-hook": "exit-hook@2.2.1",
          "glob-to-regexp": "glob-to-regexp@0.4.1",
          "stoppable": "stoppable@1.1.0",
          "undici": "undici@5.28.4",
          "workerd": "workerd@1.20240806.0",
          "ws": "ws@8.18.0",
          "youch": "youch@3.3.3",
          "zod": "zod@3.23.8"
        }
      },
      "ms@2.1.2": {
        "integrity": "sha512-sGkPx+VjMtmA6MX27oA4FBFELFCZZ4S4XqeGOXCv68tT+jb3vk/RyaKWP0PTKyWtmLSM0b+adUTEvbs1PEaH2w==",
        "dependencies": {}
      },
      "mustache@4.2.0": {
        "integrity": "sha512-71ippSywq5Yb7/tVYyGbkBggbU8H3u5Rz56fH60jGFgr8uHwxs+aSKeqmluIVzM0m0kB7xQjKS6qPfd0b2ZoqQ==",
        "dependencies": {}
      },
      "p-limit@4.0.0": {
        "integrity": "sha512-5b0R4txpzjPWVw/cXXUResoD4hb6U/x9BH08L7nw+GN1sezDzPdxeRvpc9c433fZhBan/wusjbCsqwqm4EIBIQ==",
        "dependencies": {
          "yocto-queue": "yocto-queue@1.0.0"
        }
      },
      "p-locate@6.0.0": {
        "integrity": "sha512-wPrq66Llhl7/4AGC6I+cqxT07LhXvWL08LNXz1fENOw0Ap4sRZZ/gZpTTJ5jpurzzzfS2W/Ge9BY3LgLjCShcw==",
        "dependencies": {
          "p-limit": "p-limit@4.0.0"
        }
      },
      "path-exists@5.0.0": {
        "integrity": "sha512-RjhtfwJOxzcFmNOi6ltcbcu4Iu+FL3zEj83dk4kAS+fVpTxXLO1b38RvJgT/0QwvV/L3aY9TAnyv0EOqW4GoMQ==",
        "dependencies": {}
      },
      "pkg-dir@7.0.0": {
        "integrity": "sha512-Ie9z/WINcxxLp27BKOCHGde4ITq9UklYKDzVo1nhk5sqGEXU3FpkwP5GM2voTGJkGd9B3Otl+Q4uwSOeSUtOBA==",
        "dependencies": {
          "find-up": "find-up@6.3.0"
        }
      },
      "printable-characters@1.0.42": {
        "integrity": "sha512-dKp+C4iXWK4vVYZmYSd0KBH5F/h1HoZRsbJ82AVKRO3PEo8L4lBS/vLwhVtpwwuYcoIsVY+1JYKR268yn480uQ==",
        "dependencies": {}
      },
      "source-map@0.6.1": {
        "integrity": "sha512-UjgapumWlbMhkBgzT7Ykc5YXUT46F0iKu8SGXq0bcwP5dz/h0Plj6enJqjz1Zbq2l5WaqYnrVbwWOWMyF3F47g==",
        "dependencies": {}
      },
      "source-map@0.7.4": {
        "integrity": "sha512-l3BikUxvPOcn5E74dZiq5BGsTb5yEwhaTSzccU6t4sDOH8NWJCstKO5QT2CvtFoK6F0saL7p9xHAqHOlCPJygA==",
        "dependencies": {}
      },
      "stacktracey@2.1.8": {
        "integrity": "sha512-Kpij9riA+UNg7TnphqjH7/CzctQ/owJGNbFkfEeve4Z4uxT5+JapVLFXcsurIfN34gnTWZNJ/f7NMG0E8JDzTw==",
        "dependencies": {
          "as-table": "as-table@1.0.55",
          "get-source": "get-source@2.0.12"
        }
      },
      "stoppable@1.1.0": {
        "integrity": "sha512-KXDYZ9dszj6bzvnEMRYvxgeTHU74QBFL54XKtP3nyMuJ81CFYtABZ3bAzL2EdFUaEwJOBOgENyFj3R7oTzDyyw==",
        "dependencies": {}
      },
      "tslib@2.6.3": {
        "integrity": "sha512-xNvxJEOUiWPGhUuUdQgAJPKOOJfGnIyKySOc09XkKsgdUV/3E2zvwZYdejjmRgPCgcym1juLH3226yA7sEFJKQ==",
        "dependencies": {}
      },
      "undici@5.28.4": {
        "integrity": "sha512-72RFADWFqKmUb2hmmvNODKL3p9hcB6Gt2DOQMis1SEBaV6a4MH8soBvzg+95CYhCKPFedut2JY9bMfrDl9D23g==",
        "dependencies": {
          "@fastify/busboy": "@fastify/busboy@2.1.1"
        }
      },
      "workerd@1.20240806.0": {
        "integrity": "sha512-yyNtyzTMgVY0sgYijHBONqZFVXsOFGj2jDjS8MF/RbO2ZdGROvs4Hkc/9QnmqFWahE0STxXeJ1yW1yVotdF0UQ==",
        "dependencies": {
          "@cloudflare/workerd-darwin-64": "@cloudflare/workerd-darwin-64@1.20240806.0",
          "@cloudflare/workerd-darwin-arm64": "@cloudflare/workerd-darwin-arm64@1.20240806.0",
          "@cloudflare/workerd-linux-64": "@cloudflare/workerd-linux-64@1.20240806.0",
          "@cloudflare/workerd-linux-arm64": "@cloudflare/workerd-linux-arm64@1.20240806.0",
          "@cloudflare/workerd-windows-64": "@cloudflare/workerd-windows-64@1.20240806.0"
        }
      },
      "ws@8.18.0": {
        "integrity": "sha512-8VbfWfHLbbwu3+N6OKsOMpBdT4kXPDDB9cJk2bJ6mh9ucxdlnNvH1e+roYkKmN9Nxw2yjz7VzeO9oOz2zJ04Pw==",
        "dependencies": {}
      },
      "yocto-queue@1.0.0": {
        "integrity": "sha512-9bnSc/HEW2uRy67wc+T8UwauLuPJVn28jb+GtJY16iiKWyvmYJRXVT4UamsAEGQfPohgr2q4Tq0sQbQlxTfi1g==",
        "dependencies": {}
      },
      "youch@3.3.3": {
        "integrity": "sha512-qSFXUk3UZBLfggAW3dJKg0BMblG5biqSF8M34E06o5CSsZtH92u9Hqmj2RzGiHDi64fhe83+4tENFP2DB6t6ZA==",
        "dependencies": {
          "cookie": "cookie@0.5.0",
          "mustache": "mustache@4.2.0",
          "stacktracey": "stacktracey@2.1.8"
        }
      },
      "zod@3.23.8": {
        "integrity": "sha512-XBx9AXhXktjUqnepgTiE5flcKIYWi/rme0Eaj+5Y0lftuGBq+jyRu/md4WnuxqgP1ubdpNCsYEYPxrzVHD8d6g==",
        "dependencies": {}
      }
    }
  },
  "remote": {
    "https://deno.land/std@0.204.0/assert/assert.ts": "9a97dad6d98c238938e7540736b826440ad8c1c1e54430ca4c4e623e585607ee",
    "https://deno.land/std@0.204.0/assert/assertion_error.ts": "4d0bde9b374dfbcbe8ac23f54f567b77024fb67dbb1906a852d67fe050d42f56",
    "https://deno.land/std@0.204.0/path/_common/assert_path.ts": "061e4d093d4ba5aebceb2c4da3318bfe3289e868570e9d3a8e327d91c2958946",
    "https://deno.land/std@0.204.0/path/_common/constants.ts": "e49961f6f4f48039c0dfed3c3f93e963ca3d92791c9d478ac5b43183413136e0",
    "https://deno.land/std@0.204.0/path/_common/normalize.ts": "2ba7fb4cc9fafb0f38028f434179579ce61d4d9e51296fad22b701c3d3cd7397",
    "https://deno.land/std@0.204.0/path/_common/normalize_string.ts": "88c472f28ae49525f9fe82de8c8816d93442d46a30d6bb5063b07ff8a89ff589",
    "https://deno.land/std@0.204.0/path/_os.ts": "30b0c2875f360c9296dbe6b7f2d528f0f9c741cecad2e97f803f5219e91b40a2",
    "https://deno.land/std@0.204.0/path/join.ts": "98d3d76c819af4a11a81d5ba2dbb319f1ce9d63fc2b615597d4bcfddd4a89a09",
    "https://deno.land/std@0.204.0/path/posix/_util.ts": "ecf49560fedd7dd376c6156cc5565cad97c1abe9824f4417adebc7acc36c93e5",
    "https://deno.land/std@0.204.0/path/posix/join.ts": "0c0d84bdc344876930126640011ec1b888e6facf74153ffad9ef26813aa2a076",
    "https://deno.land/std@0.204.0/path/posix/normalize.ts": "11de90a94ab7148cc46e5a288f7d732aade1d616bc8c862f5560fa18ff987b4b",
    "https://deno.land/std@0.204.0/path/windows/_util.ts": "f32b9444554c8863b9b4814025c700492a2b57ff2369d015360970a1b1099d54",
    "https://deno.land/std@0.204.0/path/windows/join.ts": "e6600bf88edeeef4e2276e155b8de1d5dec0435fd526ba2dc4d37986b2882f16",
    "https://deno.land/std@0.204.0/path/windows/normalize.ts": "9deebbf40c81ef540b7b945d4ccd7a6a2c5a5992f791e6d3377043031e164e69",
    "https://deno.land/x/dir@1.5.2/cache_dir/mod.ts": "8a82889db79c547fbbd3536c9c964047657b19fb59365c5fa59afc46082f9fe5",
    "https://deno.land/x/dir@1.5.2/config_dir/mod.ts": "d16ca6f949c3e42ed23f942261d2482f340dd6c73542740f57c89abeaa83ea3f",
    "https://deno.land/x/dir@1.5.2/data_dir/mod.ts": "7d17c6d9e775974245e0456c8f83f751c41c792c06020d12ca1ca69a0ce4e671",
    "https://deno.land/x/dir@1.5.2/data_local_dir/mod.ts": "91eb1c4bfadfbeda30171007bac6d85aadacd43224a5ed721bbe56bc64e9eb66",
    "https://deno.land/x/dir@1.5.2/download_dir/mod.ts": "5e7e57b5b680f3117e635b4d05622edc276670d9d7cd43ee6626807f8b372770",
    "https://deno.land/x/dir@1.5.2/home_dir/mod.ts": "6128b52da60124f78a4fc176cd4687a073e9b0331803dd602dfb685fa4fe4ae1",
    "https://deno.land/x/dir@1.5.2/mod.ts": "95e1519b7b629c995025652342b36fbf64a6a9a0bd7822b0c4573a22f42f0529",
    "https://deno.land/x/dir@1.5.2/tmp_dir/mod.ts": "c89c792d454fa1e3b2882f34faa87e9b92fc2866118b348d9984d68d33773c58"
  },
  "workspace": {
    "dependencies": [
      "jsr:@astral/astral@^0.4.5",
      "jsr:@core/asyncutil@^1.0.0",
      "jsr:@cross/env@^1.0.2",
      "jsr:@cross/runtime@^1.0.0",
      "jsr:@cross/utils@^0.14.0",
      "jsr:@luca/esbuild-deno-loader@^0.10.3",
      "jsr:@std/assert@1",
      "jsr:@std/fs@^1.0.1",
      "jsr:@std/jsonc@^1.0.0",
      "jsr:@std/path@^1.0.2",
      "jsr:@std/streams@^1.0.1",
      "jsr:@std/testing@^1.0.0",
      "npm:defu@^6.1.4",
      "npm:dequal@^2.0.3",
      "npm:esbuild@^0.23.0",
      "npm:get-port-please@^3.1.2",
      "npm:global-cache-dir@^6.0.0",
      "npm:miniflare@^3.20240806.0",
      "npm:source-map@^0.7.4"
    ]
  }
}
